// !$*UTF8*$!
{
	archiveVersion = 1;
	classes = {
	};
	objectVersion = 46;
	objects = {

/* Begin PBXBuildFile section */
		1D57B1E51D919D38008333C7 /* Typealiases.swift in Sources */ = {isa = PBXBuildFile; fileRef = 1D57B1E41D919D38008333C7 /* Typealiases.swift */; };
		1D9B43141B6A92ED008F7F18 /* PSOperations.h in Headers */ = {isa = PBXBuildFile; fileRef = 1D9B43131B6A92ED008F7F18 /* PSOperations.h */; settings = {ATTRIBUTES = (Public, ); }; };
		1D9B431A1B6A92ED008F7F18 /* PSOperations.framework in Frameworks */ = {isa = PBXBuildFile; fileRef = 1D9B430E1B6A92ED008F7F18 /* PSOperations.framework */; };
		1D9B43491B6A934A008F7F18 /* OperationQueue.swift in Sources */ = {isa = PBXBuildFile; fileRef = 1D9B432A1B6A934A008F7F18 /* OperationQueue.swift */; };
		1D9B434A1B6A934A008F7F18 /* ExclusivityController.swift in Sources */ = {isa = PBXBuildFile; fileRef = 1D9B432B1B6A934A008F7F18 /* ExclusivityController.swift */; };
		1D9B434B1B6A934A008F7F18 /* Operation.swift in Sources */ = {isa = PBXBuildFile; fileRef = 1D9B432C1B6A934A008F7F18 /* Operation.swift */; };
		1D9B434C1B6A934A008F7F18 /* BlockOperation.swift in Sources */ = {isa = PBXBuildFile; fileRef = 1D9B432D1B6A934A008F7F18 /* BlockOperation.swift */; };
		1D9B434D1B6A934A008F7F18 /* GroupOperation.swift in Sources */ = {isa = PBXBuildFile; fileRef = 1D9B432E1B6A934A008F7F18 /* GroupOperation.swift */; };
		1D9B434E1B6A934A008F7F18 /* URLSessionTaskOperation.swift in Sources */ = {isa = PBXBuildFile; fileRef = 1D9B432F1B6A934A008F7F18 /* URLSessionTaskOperation.swift */; };
		1D9B434F1B6A934A008F7F18 /* LocationOperation.swift in Sources */ = {isa = PBXBuildFile; fileRef = 1D9B43301B6A934A008F7F18 /* LocationOperation.swift */; };
		1D9B43501B6A934A008F7F18 /* DelayOperation.swift in Sources */ = {isa = PBXBuildFile; fileRef = 1D9B43311B6A934A008F7F18 /* DelayOperation.swift */; };
		1D9B43511B6A934A008F7F18 /* OperationObserver.swift in Sources */ = {isa = PBXBuildFile; fileRef = 1D9B43321B6A934A008F7F18 /* OperationObserver.swift */; };
		1D9B43521B6A934A008F7F18 /* BlockObserver.swift in Sources */ = {isa = PBXBuildFile; fileRef = 1D9B43331B6A934A008F7F18 /* BlockObserver.swift */; };
		1D9B43531B6A934A008F7F18 /* TimeoutObserver.swift in Sources */ = {isa = PBXBuildFile; fileRef = 1D9B43341B6A934A008F7F18 /* TimeoutObserver.swift */; };
		1D9B43541B6A934A008F7F18 /* OperationErrors.swift in Sources */ = {isa = PBXBuildFile; fileRef = 1D9B43351B6A934A008F7F18 /* OperationErrors.swift */; };
		1D9B43551B6A934A008F7F18 /* OperationCondition.swift in Sources */ = {isa = PBXBuildFile; fileRef = 1D9B43361B6A934A008F7F18 /* OperationCondition.swift */; };
		1D9B43561B6A934A008F7F18 /* SilentCondition.swift in Sources */ = {isa = PBXBuildFile; fileRef = 1D9B43371B6A934A008F7F18 /* SilentCondition.swift */; };
		1D9B43571B6A934A008F7F18 /* NegatedCondition.swift in Sources */ = {isa = PBXBuildFile; fileRef = 1D9B43381B6A934A008F7F18 /* NegatedCondition.swift */; };
		1D9B43581B6A934A008F7F18 /* NoCancelledDependencies.swift in Sources */ = {isa = PBXBuildFile; fileRef = 1D9B43391B6A934A008F7F18 /* NoCancelledDependencies.swift */; };
		1D9B43591B6A934A008F7F18 /* MutuallyExclusive.swift in Sources */ = {isa = PBXBuildFile; fileRef = 1D9B433A1B6A934A008F7F18 /* MutuallyExclusive.swift */; };
		1D9B435A1B6A934A008F7F18 /* ReachabilityCondition.swift in Sources */ = {isa = PBXBuildFile; fileRef = 1D9B433B1B6A934A008F7F18 /* ReachabilityCondition.swift */; };
		1D9B435B1B6A934A008F7F18 /* CloudCondition.swift in Sources */ = {isa = PBXBuildFile; fileRef = 1D9B433C1B6A934A008F7F18 /* CloudCondition.swift */; };
		1D9B435D1B6A934A008F7F18 /* LocationCondition.swift in Sources */ = {isa = PBXBuildFile; fileRef = 1D9B433E1B6A934A008F7F18 /* LocationCondition.swift */; };
		1D9B435E1B6A934A008F7F18 /* CalendarCondition.swift in Sources */ = {isa = PBXBuildFile; fileRef = 1D9B433F1B6A934A008F7F18 /* CalendarCondition.swift */; };
		1D9B435F1B6A934A008F7F18 /* PhotosCondition.swift in Sources */ = {isa = PBXBuildFile; fileRef = 1D9B43401B6A934A008F7F18 /* PhotosCondition.swift */; };
		1D9B43611B6A934A008F7F18 /* RemoteNotificationCondition.swift in Sources */ = {isa = PBXBuildFile; fileRef = 1D9B43421B6A934A008F7F18 /* RemoteNotificationCondition.swift */; };
		1D9B43621B6A934A008F7F18 /* UserNotificationCondition.swift in Sources */ = {isa = PBXBuildFile; fileRef = 1D9B43431B6A934A008F7F18 /* UserNotificationCondition.swift */; };
		1D9B43631B6A934A008F7F18 /* Dictionary+Operations.swift in Sources */ = {isa = PBXBuildFile; fileRef = 1D9B43441B6A934A008F7F18 /* Dictionary+Operations.swift */; };
		1D9B43641B6A934A008F7F18 /* NSOperation+Operations.swift in Sources */ = {isa = PBXBuildFile; fileRef = 1D9B43451B6A934A008F7F18 /* NSOperation+Operations.swift */; };
		1D9B43651B6A934A008F7F18 /* CKContainer+Operations.swift in Sources */ = {isa = PBXBuildFile; fileRef = 1D9B43461B6A934A008F7F18 /* CKContainer+Operations.swift */; };
		1D9B43661B6A934A008F7F18 /* UIUserNotifications+Operations.swift in Sources */ = {isa = PBXBuildFile; fileRef = 1D9B43471B6A934A008F7F18 /* UIUserNotifications+Operations.swift */; };
		55AE64C41BC172ED0097F4A5 /* Capability.swift in Sources */ = {isa = PBXBuildFile; fileRef = 55AE64C31BC172ED0097F4A5 /* Capability.swift */; };
		55AE64C71BC173100097F4A5 /* CalendarCapability.swift in Sources */ = {isa = PBXBuildFile; fileRef = 55AE64C61BC173100097F4A5 /* CalendarCapability.swift */; };
		55AE64C91BC1732D0097F4A5 /* PhotosCapability.swift in Sources */ = {isa = PBXBuildFile; fileRef = 55AE64C81BC1732D0097F4A5 /* PhotosCapability.swift */; };
		55AE64CD1BC1738D0097F4A5 /* LocationCapability-iOS.swift in Sources */ = {isa = PBXBuildFile; fileRef = 55AE64CC1BC1738D0097F4A5 /* LocationCapability-iOS.swift */; };
		55AE64CF1BC175190097F4A5 /* iCloudContainerCapability.swift in Sources */ = {isa = PBXBuildFile; fileRef = 55AE64CE1BC175190097F4A5 /* iCloudContainerCapability.swift */; };
		55AE64D21BC180570097F4A5 /* LocationCapability-tvOS.swift in Sources */ = {isa = PBXBuildFile; fileRef = 55AE64D11BC180570097F4A5 /* LocationCapability-tvOS.swift */; };
		55AE64D41BC180650097F4A5 /* LocationCapability-OSX.swift in Sources */ = {isa = PBXBuildFile; fileRef = 55AE64D31BC180650097F4A5 /* LocationCapability-OSX.swift */; };
		55AE64DA1BC1C7430097F4A5 /* PushCapability-iOS.swift in Sources */ = {isa = PBXBuildFile; fileRef = 55AE64D91BC1C7430097F4A5 /* PushCapability-iOS.swift */; };
		55AE64DC1BC1C7E50097F4A5 /* PushCapability-OSX.swift in Sources */ = {isa = PBXBuildFile; fileRef = 55AE64DB1BC1C7E50097F4A5 /* PushCapability-OSX.swift */; };
		55AE64DE1BC1DCF50097F4A5 /* UserNotificationCapability.swift in Sources */ = {isa = PBXBuildFile; fileRef = 55AE64DD1BC1DCF50097F4A5 /* UserNotificationCapability.swift */; };
		FD19C9D31C440293005D0F07 /* AppDelegate.swift in Sources */ = {isa = PBXBuildFile; fileRef = FD19C9D21C440293005D0F07 /* AppDelegate.swift */; };
		FD19C9D51C440293005D0F07 /* ViewController.swift in Sources */ = {isa = PBXBuildFile; fileRef = FD19C9D41C440293005D0F07 /* ViewController.swift */; };
		FD19C9D81C440293005D0F07 /* Main.storyboard in Resources */ = {isa = PBXBuildFile; fileRef = FD19C9D61C440293005D0F07 /* Main.storyboard */; };
		FD19C9DA1C440293005D0F07 /* Assets.xcassets in Resources */ = {isa = PBXBuildFile; fileRef = FD19C9D91C440293005D0F07 /* Assets.xcassets */; };
		FD19C9DD1C440293005D0F07 /* LaunchScreen.storyboard in Resources */ = {isa = PBXBuildFile; fileRef = FD19C9DB1C440293005D0F07 /* LaunchScreen.storyboard */; };
		FD19C9E81C440293005D0F07 /* PSOperationsAppForTestsTests.swift in Sources */ = {isa = PBXBuildFile; fileRef = FD19C9E71C440293005D0F07 /* PSOperationsAppForTestsTests.swift */; };
		FD39C29E1B8B5F090092008B /* PSOperationsTests.swift in Sources */ = {isa = PBXBuildFile; fileRef = 1D9B436D1B6A942C008F7F18 /* PSOperationsTests.swift */; };
		FD854FDA1D2D8CAB00162079 /* PSOperations.h in Headers */ = {isa = PBXBuildFile; fileRef = 1D9B43131B6A92ED008F7F18 /* PSOperations.h */; settings = {ATTRIBUTES = (Public, ); }; };
		FD85500C1D2D8CC100162079 /* PSOperations.h in Headers */ = {isa = PBXBuildFile; fileRef = 1D9B43131B6A92ED008F7F18 /* PSOperations.h */; settings = {ATTRIBUTES = (Public, ); }; };
		FD85501D1D2D8D9800162079 /* PSOperations.framework in Frameworks */ = {isa = PBXBuildFile; fileRef = 1D9B430E1B6A92ED008F7F18 /* PSOperations.framework */; };
		FD85501F1D2D8E0E00162079 /* HealthCapability.swift in Sources */ = {isa = PBXBuildFile; fileRef = FD8550191D2D8D3400162079 /* HealthCapability.swift */; };
		FD8550201D2D8E0E00162079 /* HealthCondition.swift in Sources */ = {isa = PBXBuildFile; fileRef = FD85501A1D2D8D3400162079 /* HealthCondition.swift */; };
		FD8550211D2D8E2200162079 /* PassbookCapability.swift in Sources */ = {isa = PBXBuildFile; fileRef = FD8550151D2D8D1D00162079 /* PassbookCapability.swift */; };
		FD8550221D2D8E2200162079 /* PassbookCondition.swift in Sources */ = {isa = PBXBuildFile; fileRef = FD8550161D2D8D1D00162079 /* PassbookCondition.swift */; };
		FD8550561D2D90A700162079 /* PSOperations.framework in Frameworks */ = {isa = PBXBuildFile; fileRef = 1D9B430E1B6A92ED008F7F18 /* PSOperations.framework */; };
		FDB1BBBE1B8D67CB00FB9D7A /* NSLock+Operations.swift in Sources */ = {isa = PBXBuildFile; fileRef = FDB1BBBD1B8D67CB00FB9D7A /* NSLock+Operations.swift */; };
		FDB1E8F21BBC2B08006BC157 /* OperationConditionResultTests.swift in Sources */ = {isa = PBXBuildFile; fileRef = FDB1E8F11BBC2B08006BC157 /* OperationConditionResultTests.swift */; };
		FDC6C5291BBCDDC9008FB96E /* URLSessionTaskOperationTests.swift in Sources */ = {isa = PBXBuildFile; fileRef = FDC6C5281BBCDDC9008FB96E /* URLSessionTaskOperationTests.swift */; };
		FDC6C52C1BBD6447008FB96E /* OperationErrorCodeTests.swift in Sources */ = {isa = PBXBuildFile; fileRef = FDC6C52B1BBD6447008FB96E /* OperationErrorCodeTests.swift */; };
		FDDB93431C6003A4009E0ABC /* PSOperations.framework in Frameworks */ = {isa = PBXBuildFile; fileRef = 1D9B430E1B6A92ED008F7F18 /* PSOperations.framework */; };
/* End PBXBuildFile section */

/* Begin PBXContainerItemProxy section */
		1D9B431B1B6A92ED008F7F18 /* PBXContainerItemProxy */ = {
			isa = PBXContainerItemProxy;
			containerPortal = 1D9B43051B6A92ED008F7F18 /* Project object */;
			proxyType = 1;
			remoteGlobalIDString = 1D9B430D1B6A92ED008F7F18;
			remoteInfo = PSOperations;
		};
		FD19C9E41C440293005D0F07 /* PBXContainerItemProxy */ = {
			isa = PBXContainerItemProxy;
			containerPortal = 1D9B43051B6A92ED008F7F18 /* Project object */;
			proxyType = 1;
			remoteGlobalIDString = FD19C9CF1C440293005D0F07;
			remoteInfo = PSOperationsAppForTests;
		};
/* End PBXContainerItemProxy section */

/* Begin PBXFileReference section */
		1D57B1E41D919D38008333C7 /* Typealiases.swift */ = {isa = PBXFileReference; fileEncoding = 4; lastKnownFileType = sourcecode.swift; path = Typealiases.swift; sourceTree = "<group>"; };
		1D9B430E1B6A92ED008F7F18 /* PSOperations.framework */ = {isa = PBXFileReference; explicitFileType = wrapper.framework; includeInIndex = 0; path = PSOperations.framework; sourceTree = BUILT_PRODUCTS_DIR; };
		1D9B43121B6A92ED008F7F18 /* Info.plist */ = {isa = PBXFileReference; lastKnownFileType = text.plist.xml; path = Info.plist; sourceTree = "<group>"; };
		1D9B43131B6A92ED008F7F18 /* PSOperations.h */ = {isa = PBXFileReference; lastKnownFileType = sourcecode.c.h; path = PSOperations.h; sourceTree = "<group>"; };
		1D9B43191B6A92ED008F7F18 /* PSOperationsTests.xctest */ = {isa = PBXFileReference; explicitFileType = wrapper.cfbundle; includeInIndex = 0; path = PSOperationsTests.xctest; sourceTree = BUILT_PRODUCTS_DIR; };
		1D9B431F1B6A92ED008F7F18 /* Info.plist */ = {isa = PBXFileReference; lastKnownFileType = text.plist.xml; path = Info.plist; sourceTree = "<group>"; };
		1D9B432A1B6A934A008F7F18 /* OperationQueue.swift */ = {isa = PBXFileReference; fileEncoding = 4; lastKnownFileType = sourcecode.swift; path = OperationQueue.swift; sourceTree = "<group>"; };
		1D9B432B1B6A934A008F7F18 /* ExclusivityController.swift */ = {isa = PBXFileReference; fileEncoding = 4; lastKnownFileType = sourcecode.swift; path = ExclusivityController.swift; sourceTree = "<group>"; };
		1D9B432C1B6A934A008F7F18 /* Operation.swift */ = {isa = PBXFileReference; fileEncoding = 4; lastKnownFileType = sourcecode.swift; path = Operation.swift; sourceTree = "<group>"; };
		1D9B432D1B6A934A008F7F18 /* BlockOperation.swift */ = {isa = PBXFileReference; fileEncoding = 4; lastKnownFileType = sourcecode.swift; path = BlockOperation.swift; sourceTree = "<group>"; };
		1D9B432E1B6A934A008F7F18 /* GroupOperation.swift */ = {isa = PBXFileReference; fileEncoding = 4; lastKnownFileType = sourcecode.swift; path = GroupOperation.swift; sourceTree = "<group>"; };
		1D9B432F1B6A934A008F7F18 /* URLSessionTaskOperation.swift */ = {isa = PBXFileReference; fileEncoding = 4; lastKnownFileType = sourcecode.swift; path = URLSessionTaskOperation.swift; sourceTree = "<group>"; };
		1D9B43301B6A934A008F7F18 /* LocationOperation.swift */ = {isa = PBXFileReference; fileEncoding = 4; lastKnownFileType = sourcecode.swift; path = LocationOperation.swift; sourceTree = "<group>"; };
		1D9B43311B6A934A008F7F18 /* DelayOperation.swift */ = {isa = PBXFileReference; fileEncoding = 4; lastKnownFileType = sourcecode.swift; path = DelayOperation.swift; sourceTree = "<group>"; };
		1D9B43321B6A934A008F7F18 /* OperationObserver.swift */ = {isa = PBXFileReference; fileEncoding = 4; lastKnownFileType = sourcecode.swift; path = OperationObserver.swift; sourceTree = "<group>"; };
		1D9B43331B6A934A008F7F18 /* BlockObserver.swift */ = {isa = PBXFileReference; fileEncoding = 4; lastKnownFileType = sourcecode.swift; path = BlockObserver.swift; sourceTree = "<group>"; };
		1D9B43341B6A934A008F7F18 /* TimeoutObserver.swift */ = {isa = PBXFileReference; fileEncoding = 4; lastKnownFileType = sourcecode.swift; path = TimeoutObserver.swift; sourceTree = "<group>"; };
		1D9B43351B6A934A008F7F18 /* OperationErrors.swift */ = {isa = PBXFileReference; fileEncoding = 4; lastKnownFileType = sourcecode.swift; path = OperationErrors.swift; sourceTree = "<group>"; };
		1D9B43361B6A934A008F7F18 /* OperationCondition.swift */ = {isa = PBXFileReference; fileEncoding = 4; lastKnownFileType = sourcecode.swift; path = OperationCondition.swift; sourceTree = "<group>"; };
		1D9B43371B6A934A008F7F18 /* SilentCondition.swift */ = {isa = PBXFileReference; fileEncoding = 4; lastKnownFileType = sourcecode.swift; path = SilentCondition.swift; sourceTree = "<group>"; };
		1D9B43381B6A934A008F7F18 /* NegatedCondition.swift */ = {isa = PBXFileReference; fileEncoding = 4; lastKnownFileType = sourcecode.swift; path = NegatedCondition.swift; sourceTree = "<group>"; };
		1D9B43391B6A934A008F7F18 /* NoCancelledDependencies.swift */ = {isa = PBXFileReference; fileEncoding = 4; lastKnownFileType = sourcecode.swift; path = NoCancelledDependencies.swift; sourceTree = "<group>"; };
		1D9B433A1B6A934A008F7F18 /* MutuallyExclusive.swift */ = {isa = PBXFileReference; fileEncoding = 4; lastKnownFileType = sourcecode.swift; path = MutuallyExclusive.swift; sourceTree = "<group>"; };
		1D9B433B1B6A934A008F7F18 /* ReachabilityCondition.swift */ = {isa = PBXFileReference; fileEncoding = 4; lastKnownFileType = sourcecode.swift; path = ReachabilityCondition.swift; sourceTree = "<group>"; };
		1D9B433C1B6A934A008F7F18 /* CloudCondition.swift */ = {isa = PBXFileReference; fileEncoding = 4; lastKnownFileType = sourcecode.swift; path = CloudCondition.swift; sourceTree = "<group>"; };
		1D9B433E1B6A934A008F7F18 /* LocationCondition.swift */ = {isa = PBXFileReference; fileEncoding = 4; lastKnownFileType = sourcecode.swift; path = LocationCondition.swift; sourceTree = "<group>"; };
		1D9B433F1B6A934A008F7F18 /* CalendarCondition.swift */ = {isa = PBXFileReference; fileEncoding = 4; lastKnownFileType = sourcecode.swift; path = CalendarCondition.swift; sourceTree = "<group>"; };
		1D9B43401B6A934A008F7F18 /* PhotosCondition.swift */ = {isa = PBXFileReference; fileEncoding = 4; lastKnownFileType = sourcecode.swift; path = PhotosCondition.swift; sourceTree = "<group>"; };
		1D9B43421B6A934A008F7F18 /* RemoteNotificationCondition.swift */ = {isa = PBXFileReference; fileEncoding = 4; lastKnownFileType = sourcecode.swift; path = RemoteNotificationCondition.swift; sourceTree = "<group>"; };
		1D9B43431B6A934A008F7F18 /* UserNotificationCondition.swift */ = {isa = PBXFileReference; fileEncoding = 4; lastKnownFileType = sourcecode.swift; path = UserNotificationCondition.swift; sourceTree = "<group>"; };
		1D9B43441B6A934A008F7F18 /* Dictionary+Operations.swift */ = {isa = PBXFileReference; fileEncoding = 4; lastKnownFileType = sourcecode.swift; path = "Dictionary+Operations.swift"; sourceTree = "<group>"; };
		1D9B43451B6A934A008F7F18 /* NSOperation+Operations.swift */ = {isa = PBXFileReference; fileEncoding = 4; lastKnownFileType = sourcecode.swift; path = "NSOperation+Operations.swift"; sourceTree = "<group>"; };
		1D9B43461B6A934A008F7F18 /* CKContainer+Operations.swift */ = {isa = PBXFileReference; fileEncoding = 4; lastKnownFileType = sourcecode.swift; path = "CKContainer+Operations.swift"; sourceTree = "<group>"; };
		1D9B43471B6A934A008F7F18 /* UIUserNotifications+Operations.swift */ = {isa = PBXFileReference; fileEncoding = 4; lastKnownFileType = sourcecode.swift; path = "UIUserNotifications+Operations.swift"; sourceTree = "<group>"; };
		1D9B436D1B6A942C008F7F18 /* PSOperationsTests.swift */ = {isa = PBXFileReference; fileEncoding = 4; lastKnownFileType = sourcecode.swift; path = PSOperationsTests.swift; sourceTree = "<group>"; };
		55AE64C31BC172ED0097F4A5 /* Capability.swift */ = {isa = PBXFileReference; fileEncoding = 4; lastKnownFileType = sourcecode.swift; path = Capability.swift; sourceTree = "<group>"; };
		55AE64C61BC173100097F4A5 /* CalendarCapability.swift */ = {isa = PBXFileReference; fileEncoding = 4; lastKnownFileType = sourcecode.swift; path = CalendarCapability.swift; sourceTree = "<group>"; };
		55AE64C81BC1732D0097F4A5 /* PhotosCapability.swift */ = {isa = PBXFileReference; fileEncoding = 4; lastKnownFileType = sourcecode.swift; path = PhotosCapability.swift; sourceTree = "<group>"; };
		55AE64CC1BC1738D0097F4A5 /* LocationCapability-iOS.swift */ = {isa = PBXFileReference; fileEncoding = 4; lastKnownFileType = sourcecode.swift; path = "LocationCapability-iOS.swift"; sourceTree = "<group>"; };
		55AE64CE1BC175190097F4A5 /* iCloudContainerCapability.swift */ = {isa = PBXFileReference; fileEncoding = 4; lastKnownFileType = sourcecode.swift; path = iCloudContainerCapability.swift; sourceTree = "<group>"; };
		55AE64D11BC180570097F4A5 /* LocationCapability-tvOS.swift */ = {isa = PBXFileReference; fileEncoding = 4; lastKnownFileType = sourcecode.swift; path = "LocationCapability-tvOS.swift"; sourceTree = "<group>"; };
		55AE64D31BC180650097F4A5 /* LocationCapability-OSX.swift */ = {isa = PBXFileReference; fileEncoding = 4; lastKnownFileType = sourcecode.swift; path = "LocationCapability-OSX.swift"; sourceTree = "<group>"; };
		55AE64D91BC1C7430097F4A5 /* PushCapability-iOS.swift */ = {isa = PBXFileReference; fileEncoding = 4; lastKnownFileType = sourcecode.swift; path = "PushCapability-iOS.swift"; sourceTree = "<group>"; };
		55AE64DB1BC1C7E50097F4A5 /* PushCapability-OSX.swift */ = {isa = PBXFileReference; fileEncoding = 4; lastKnownFileType = sourcecode.swift; path = "PushCapability-OSX.swift"; sourceTree = "<group>"; };
		55AE64DD1BC1DCF50097F4A5 /* UserNotificationCapability.swift */ = {isa = PBXFileReference; fileEncoding = 4; lastKnownFileType = sourcecode.swift; path = UserNotificationCapability.swift; sourceTree = "<group>"; };
		FD19C9D01C440293005D0F07 /* PSOperationsAppForTests.app */ = {isa = PBXFileReference; explicitFileType = wrapper.application; includeInIndex = 0; path = PSOperationsAppForTests.app; sourceTree = BUILT_PRODUCTS_DIR; };
		FD19C9D21C440293005D0F07 /* AppDelegate.swift */ = {isa = PBXFileReference; lastKnownFileType = sourcecode.swift; path = AppDelegate.swift; sourceTree = "<group>"; };
		FD19C9D41C440293005D0F07 /* ViewController.swift */ = {isa = PBXFileReference; lastKnownFileType = sourcecode.swift; path = ViewController.swift; sourceTree = "<group>"; };
		FD19C9D71C440293005D0F07 /* Base */ = {isa = PBXFileReference; lastKnownFileType = file.storyboard; name = Base; path = Base.lproj/Main.storyboard; sourceTree = "<group>"; };
		FD19C9D91C440293005D0F07 /* Assets.xcassets */ = {isa = PBXFileReference; lastKnownFileType = folder.assetcatalog; path = Assets.xcassets; sourceTree = "<group>"; };
		FD19C9DC1C440293005D0F07 /* Base */ = {isa = PBXFileReference; lastKnownFileType = file.storyboard; name = Base; path = Base.lproj/LaunchScreen.storyboard; sourceTree = "<group>"; };
		FD19C9DE1C440293005D0F07 /* Info.plist */ = {isa = PBXFileReference; lastKnownFileType = text.plist.xml; path = Info.plist; sourceTree = "<group>"; };
		FD19C9E31C440293005D0F07 /* PSOperationsAppForTestsTests.xctest */ = {isa = PBXFileReference; explicitFileType = wrapper.cfbundle; includeInIndex = 0; path = PSOperationsAppForTestsTests.xctest; sourceTree = BUILT_PRODUCTS_DIR; };
		FD19C9E71C440293005D0F07 /* PSOperationsAppForTestsTests.swift */ = {isa = PBXFileReference; lastKnownFileType = sourcecode.swift; path = PSOperationsAppForTestsTests.swift; sourceTree = "<group>"; };
		FD19C9E91C440293005D0F07 /* Info.plist */ = {isa = PBXFileReference; lastKnownFileType = text.plist.xml; path = Info.plist; sourceTree = "<group>"; };
		FD854FDF1D2D8CAB00162079 /* PSOperationsHealth.framework */ = {isa = PBXFileReference; explicitFileType = wrapper.framework; includeInIndex = 0; path = PSOperationsHealth.framework; sourceTree = BUILT_PRODUCTS_DIR; };
		FD8550111D2D8CC100162079 /* PSOperationsPassbook.framework */ = {isa = PBXFileReference; explicitFileType = wrapper.framework; includeInIndex = 0; path = PSOperationsPassbook.framework; sourceTree = BUILT_PRODUCTS_DIR; };
		FD8550151D2D8D1D00162079 /* PassbookCapability.swift */ = {isa = PBXFileReference; fileEncoding = 4; lastKnownFileType = sourcecode.swift; name = PassbookCapability.swift; path = PSOperationsPassbook/PassbookCapability.swift; sourceTree = "<group>"; };
		FD8550161D2D8D1D00162079 /* PassbookCondition.swift */ = {isa = PBXFileReference; fileEncoding = 4; lastKnownFileType = sourcecode.swift; name = PassbookCondition.swift; path = PSOperationsPassbook/PassbookCondition.swift; sourceTree = "<group>"; };
		FD8550191D2D8D3400162079 /* HealthCapability.swift */ = {isa = PBXFileReference; fileEncoding = 4; lastKnownFileType = sourcecode.swift; name = HealthCapability.swift; path = PSOperationsHealth/HealthCapability.swift; sourceTree = SOURCE_ROOT; };
		FD85501A1D2D8D3400162079 /* HealthCondition.swift */ = {isa = PBXFileReference; fileEncoding = 4; lastKnownFileType = sourcecode.swift; name = HealthCondition.swift; path = PSOperationsHealth/HealthCondition.swift; sourceTree = SOURCE_ROOT; };
		FDB1BBBD1B8D67CB00FB9D7A /* NSLock+Operations.swift */ = {isa = PBXFileReference; fileEncoding = 4; lastKnownFileType = sourcecode.swift; path = "NSLock+Operations.swift"; sourceTree = "<group>"; };
		FDB1E8F11BBC2B08006BC157 /* OperationConditionResultTests.swift */ = {isa = PBXFileReference; fileEncoding = 4; lastKnownFileType = sourcecode.swift; path = OperationConditionResultTests.swift; sourceTree = "<group>"; };
		FDC6C5281BBCDDC9008FB96E /* URLSessionTaskOperationTests.swift */ = {isa = PBXFileReference; fileEncoding = 4; lastKnownFileType = sourcecode.swift; path = URLSessionTaskOperationTests.swift; sourceTree = "<group>"; };
		FDC6C52B1BBD6447008FB96E /* OperationErrorCodeTests.swift */ = {isa = PBXFileReference; fileEncoding = 4; lastKnownFileType = sourcecode.swift; path = OperationErrorCodeTests.swift; sourceTree = "<group>"; };
/* End PBXFileReference section */

/* Begin PBXFrameworksBuildPhase section */
		1D9B430A1B6A92ED008F7F18 /* Frameworks */ = {
			isa = PBXFrameworksBuildPhase;
			buildActionMask = 2147483647;
			files = (
			);
			runOnlyForDeploymentPostprocessing = 0;
		};
		1D9B43161B6A92ED008F7F18 /* Frameworks */ = {
			isa = PBXFrameworksBuildPhase;
			buildActionMask = 2147483647;
			files = (
				1D9B431A1B6A92ED008F7F18 /* PSOperations.framework in Frameworks */,
			);
			runOnlyForDeploymentPostprocessing = 0;
		};
		FD19C9CD1C440293005D0F07 /* Frameworks */ = {
			isa = PBXFrameworksBuildPhase;
			buildActionMask = 2147483647;
			files = (
				FDDB93431C6003A4009E0ABC /* PSOperations.framework in Frameworks */,
			);
			runOnlyForDeploymentPostprocessing = 0;
		};
		FD19C9E01C440293005D0F07 /* Frameworks */ = {
			isa = PBXFrameworksBuildPhase;
			buildActionMask = 2147483647;
			files = (
			);
			runOnlyForDeploymentPostprocessing = 0;
		};
		FD854FD81D2D8CAB00162079 /* Frameworks */ = {
			isa = PBXFrameworksBuildPhase;
			buildActionMask = 2147483647;
			files = (
				FD85501D1D2D8D9800162079 /* PSOperations.framework in Frameworks */,
			);
			runOnlyForDeploymentPostprocessing = 0;
		};
		FD85500A1D2D8CC100162079 /* Frameworks */ = {
			isa = PBXFrameworksBuildPhase;
			buildActionMask = 2147483647;
			files = (
				FD8550561D2D90A700162079 /* PSOperations.framework in Frameworks */,
			);
			runOnlyForDeploymentPostprocessing = 0;
		};
/* End PBXFrameworksBuildPhase section */

/* Begin PBXGroup section */
		1D9B43041B6A92ED008F7F18 = {
			isa = PBXGroup;
			children = (
				1D9B43101B6A92ED008F7F18 /* PSOperations */,
				FD8550141D2D8CDF00162079 /* PSOperationsPassbook */,
				FD8550131D2D8CCE00162079 /* PSOperationsHealth */,
				1D9B431D1B6A92ED008F7F18 /* PSOperationsTests */,
				FD19C9D11C440293005D0F07 /* PSOperationsAppForTests */,
				FD19C9E61C440293005D0F07 /* PSOperationsAppForTestsTests */,
				1D9B430F1B6A92ED008F7F18 /* Products */,
			);
			sourceTree = "<group>";
		};
		1D9B430F1B6A92ED008F7F18 /* Products */ = {
			isa = PBXGroup;
			children = (
				1D9B430E1B6A92ED008F7F18 /* PSOperations.framework */,
				1D9B43191B6A92ED008F7F18 /* PSOperationsTests.xctest */,
				FD19C9D01C440293005D0F07 /* PSOperationsAppForTests.app */,
				FD19C9E31C440293005D0F07 /* PSOperationsAppForTestsTests.xctest */,
				FD854FDF1D2D8CAB00162079 /* PSOperationsHealth.framework */,
				FD8550111D2D8CC100162079 /* PSOperationsPassbook.framework */,
			);
			name = Products;
			sourceTree = "<group>";
		};
		1D9B43101B6A92ED008F7F18 /* PSOperations */ = {
			isa = PBXGroup;
			children = (
				1D9B43131B6A92ED008F7F18 /* PSOperations.h */,
				1D9B43681B6A934F008F7F18 /* Operation Queue */,
				1D9B43691B6A9375008F7F18 /* Operations */,
				1D9B436A1B6A938F008F7F18 /* Observers */,
				1D9B436B1B6A93B0008F7F18 /* Conditions */,
				1D9B436C1B6A93C9008F7F18 /* Convenience Extensions */,
				1D9B43111B6A92ED008F7F18 /* Supporting Files */,
				1D57B1E41D919D38008333C7 /* Typealiases.swift */,
			);
			path = PSOperations;
			sourceTree = "<group>";
		};
		1D9B43111B6A92ED008F7F18 /* Supporting Files */ = {
			isa = PBXGroup;
			children = (
				1D9B43121B6A92ED008F7F18 /* Info.plist */,
			);
			name = "Supporting Files";
			sourceTree = "<group>";
		};
		1D9B431D1B6A92ED008F7F18 /* PSOperationsTests */ = {
			isa = PBXGroup;
			children = (
				FDC6C52B1BBD6447008FB96E /* OperationErrorCodeTests.swift */,
				FDC6C5281BBCDDC9008FB96E /* URLSessionTaskOperationTests.swift */,
				FDB1E8F11BBC2B08006BC157 /* OperationConditionResultTests.swift */,
				1D9B436D1B6A942C008F7F18 /* PSOperationsTests.swift */,
				1D9B431E1B6A92ED008F7F18 /* Supporting Files */,
			);
			path = PSOperationsTests;
			sourceTree = "<group>";
		};
		1D9B431E1B6A92ED008F7F18 /* Supporting Files */ = {
			isa = PBXGroup;
			children = (
				1D9B431F1B6A92ED008F7F18 /* Info.plist */,
			);
			name = "Supporting Files";
			sourceTree = "<group>";
		};
		1D9B43681B6A934F008F7F18 /* Operation Queue */ = {
			isa = PBXGroup;
			children = (
				1D9B432A1B6A934A008F7F18 /* OperationQueue.swift */,
				1D9B432B1B6A934A008F7F18 /* ExclusivityController.swift */,
			);
			name = "Operation Queue";
			sourceTree = "<group>";
		};
		1D9B43691B6A9375008F7F18 /* Operations */ = {
			isa = PBXGroup;
			children = (
				1D9B432C1B6A934A008F7F18 /* Operation.swift */,
				1D9B432D1B6A934A008F7F18 /* BlockOperation.swift */,
				1D9B432E1B6A934A008F7F18 /* GroupOperation.swift */,
				1D9B432F1B6A934A008F7F18 /* URLSessionTaskOperation.swift */,
				1D9B43301B6A934A008F7F18 /* LocationOperation.swift */,
				1D9B43311B6A934A008F7F18 /* DelayOperation.swift */,
			);
			name = Operations;
			sourceTree = "<group>";
		};
		1D9B436A1B6A938F008F7F18 /* Observers */ = {
			isa = PBXGroup;
			children = (
				1D9B43321B6A934A008F7F18 /* OperationObserver.swift */,
				1D9B43331B6A934A008F7F18 /* BlockObserver.swift */,
				1D9B43341B6A934A008F7F18 /* TimeoutObserver.swift */,
			);
			name = Observers;
			sourceTree = "<group>";
		};
		1D9B436B1B6A93B0008F7F18 /* Conditions */ = {
			isa = PBXGroup;
			children = (
				1D9B43351B6A934A008F7F18 /* OperationErrors.swift */,
				1D9B43361B6A934A008F7F18 /* OperationCondition.swift */,
				1D9B43371B6A934A008F7F18 /* SilentCondition.swift */,
				1D9B43381B6A934A008F7F18 /* NegatedCondition.swift */,
				1D9B43391B6A934A008F7F18 /* NoCancelledDependencies.swift */,
				1D9B433A1B6A934A008F7F18 /* MutuallyExclusive.swift */,
				1D9B433B1B6A934A008F7F18 /* ReachabilityCondition.swift */,
				55AE64C51BC173000097F4A5 /* Capabilities */,
				55AE64D01BC17CFA0097F4A5 /* Deprecated */,
			);
			name = Conditions;
			sourceTree = "<group>";
		};
		1D9B436C1B6A93C9008F7F18 /* Convenience Extensions */ = {
			isa = PBXGroup;
			children = (
				1D9B43441B6A934A008F7F18 /* Dictionary+Operations.swift */,
				1D9B43451B6A934A008F7F18 /* NSOperation+Operations.swift */,
				FDB1BBBD1B8D67CB00FB9D7A /* NSLock+Operations.swift */,
				1D9B43471B6A934A008F7F18 /* UIUserNotifications+Operations.swift */,
			);
			name = "Convenience Extensions";
			sourceTree = "<group>";
		};
		55AE64C51BC173000097F4A5 /* Capabilities */ = {
			isa = PBXGroup;
			children = (
				55AE64C31BC172ED0097F4A5 /* Capability.swift */,
				55AE64C61BC173100097F4A5 /* CalendarCapability.swift */,
				55AE64CE1BC175190097F4A5 /* iCloudContainerCapability.swift */,
				55AE64CC1BC1738D0097F4A5 /* LocationCapability-iOS.swift */,
				55AE64D11BC180570097F4A5 /* LocationCapability-tvOS.swift */,
				55AE64D31BC180650097F4A5 /* LocationCapability-OSX.swift */,
				55AE64C81BC1732D0097F4A5 /* PhotosCapability.swift */,
				55AE64D91BC1C7430097F4A5 /* PushCapability-iOS.swift */,
				55AE64DB1BC1C7E50097F4A5 /* PushCapability-OSX.swift */,
				55AE64DD1BC1DCF50097F4A5 /* UserNotificationCapability.swift */,
			);
			name = Capabilities;
			sourceTree = "<group>";
		};
		55AE64D01BC17CFA0097F4A5 /* Deprecated */ = {
			isa = PBXGroup;
			children = (
				1D9B433F1B6A934A008F7F18 /* CalendarCondition.swift */,
				1D9B433C1B6A934A008F7F18 /* CloudCondition.swift */,
				1D9B433E1B6A934A008F7F18 /* LocationCondition.swift */,
				1D9B43401B6A934A008F7F18 /* PhotosCondition.swift */,
				1D9B43421B6A934A008F7F18 /* RemoteNotificationCondition.swift */,
				1D9B43431B6A934A008F7F18 /* UserNotificationCondition.swift */,
				1D9B43461B6A934A008F7F18 /* CKContainer+Operations.swift */,
			);
			name = Deprecated;
			sourceTree = "<group>";
		};
		FD19C9D11C440293005D0F07 /* PSOperationsAppForTests */ = {
			isa = PBXGroup;
			children = (
				FD19C9D21C440293005D0F07 /* AppDelegate.swift */,
				FD19C9D41C440293005D0F07 /* ViewController.swift */,
				FD19C9D61C440293005D0F07 /* Main.storyboard */,
				FD19C9D91C440293005D0F07 /* Assets.xcassets */,
				FD19C9DB1C440293005D0F07 /* LaunchScreen.storyboard */,
				FD19C9DE1C440293005D0F07 /* Info.plist */,
			);
			path = PSOperationsAppForTests;
			sourceTree = "<group>";
		};
		FD19C9E61C440293005D0F07 /* PSOperationsAppForTestsTests */ = {
			isa = PBXGroup;
			children = (
				FD19C9E71C440293005D0F07 /* PSOperationsAppForTestsTests.swift */,
				FD19C9E91C440293005D0F07 /* Info.plist */,
			);
			path = PSOperationsAppForTestsTests;
			sourceTree = "<group>";
		};
		FD8550131D2D8CCE00162079 /* PSOperationsHealth */ = {
			isa = PBXGroup;
			children = (
				FD8550191D2D8D3400162079 /* HealthCapability.swift */,
				FD85501A1D2D8D3400162079 /* HealthCondition.swift */,
			);
			name = PSOperationsHealth;
			path = PSOperations;
			sourceTree = "<group>";
		};
		FD8550141D2D8CDF00162079 /* PSOperationsPassbook */ = {
			isa = PBXGroup;
			children = (
				FD8550151D2D8D1D00162079 /* PassbookCapability.swift */,
				FD8550161D2D8D1D00162079 /* PassbookCondition.swift */,
			);
			name = PSOperationsPassbook;
			sourceTree = "<group>";
		};
/* End PBXGroup section */

/* Begin PBXHeadersBuildPhase section */
		1D9B430B1B6A92ED008F7F18 /* Headers */ = {
			isa = PBXHeadersBuildPhase;
			buildActionMask = 2147483647;
			files = (
				1D9B43141B6A92ED008F7F18 /* PSOperations.h in Headers */,
			);
			runOnlyForDeploymentPostprocessing = 0;
		};
		FD854FD91D2D8CAB00162079 /* Headers */ = {
			isa = PBXHeadersBuildPhase;
			buildActionMask = 2147483647;
			files = (
				FD854FDA1D2D8CAB00162079 /* PSOperations.h in Headers */,
			);
			runOnlyForDeploymentPostprocessing = 0;
		};
		FD85500B1D2D8CC100162079 /* Headers */ = {
			isa = PBXHeadersBuildPhase;
			buildActionMask = 2147483647;
			files = (
				FD85500C1D2D8CC100162079 /* PSOperations.h in Headers */,
			);
			runOnlyForDeploymentPostprocessing = 0;
		};
/* End PBXHeadersBuildPhase section */

/* Begin PBXNativeTarget section */
		1D9B430D1B6A92ED008F7F18 /* PSOperations */ = {
			isa = PBXNativeTarget;
			buildConfigurationList = 1D9B43241B6A92ED008F7F18 /* Build configuration list for PBXNativeTarget "PSOperations" */;
			buildPhases = (
				1D9B43091B6A92ED008F7F18 /* Sources */,
				1D9B430A1B6A92ED008F7F18 /* Frameworks */,
				1D9B430B1B6A92ED008F7F18 /* Headers */,
				1D9B430C1B6A92ED008F7F18 /* Resources */,
			);
			buildRules = (
			);
			dependencies = (
			);
			name = PSOperations;
			productName = PSOperations;
			productReference = 1D9B430E1B6A92ED008F7F18 /* PSOperations.framework */;
			productType = "com.apple.product-type.framework";
		};
		1D9B43181B6A92ED008F7F18 /* PSOperationsTests */ = {
			isa = PBXNativeTarget;
			buildConfigurationList = 1D9B43271B6A92ED008F7F18 /* Build configuration list for PBXNativeTarget "PSOperationsTests" */;
			buildPhases = (
				1D9B43151B6A92ED008F7F18 /* Sources */,
				1D9B43161B6A92ED008F7F18 /* Frameworks */,
				1D9B43171B6A92ED008F7F18 /* Resources */,
			);
			buildRules = (
			);
			dependencies = (
				1D9B431C1B6A92ED008F7F18 /* PBXTargetDependency */,
			);
			name = PSOperationsTests;
			productName = PSOperationsTests;
			productReference = 1D9B43191B6A92ED008F7F18 /* PSOperationsTests.xctest */;
			productType = "com.apple.product-type.bundle.unit-test";
		};
		FD19C9CF1C440293005D0F07 /* PSOperationsAppForTests */ = {
			isa = PBXNativeTarget;
			buildConfigurationList = FD19C9EA1C440293005D0F07 /* Build configuration list for PBXNativeTarget "PSOperationsAppForTests" */;
			buildPhases = (
				FD19C9CC1C440293005D0F07 /* Sources */,
				FD19C9CD1C440293005D0F07 /* Frameworks */,
				FD19C9CE1C440293005D0F07 /* Resources */,
			);
			buildRules = (
			);
			dependencies = (
			);
			name = PSOperationsAppForTests;
			productName = PSOperationsAppForTests;
			productReference = FD19C9D01C440293005D0F07 /* PSOperationsAppForTests.app */;
			productType = "com.apple.product-type.application";
		};
		FD19C9E21C440293005D0F07 /* PSOperationsAppForTestsTests */ = {
			isa = PBXNativeTarget;
			buildConfigurationList = FD19C9ED1C440293005D0F07 /* Build configuration list for PBXNativeTarget "PSOperationsAppForTestsTests" */;
			buildPhases = (
				FD19C9DF1C440293005D0F07 /* Sources */,
				FD19C9E01C440293005D0F07 /* Frameworks */,
				FD19C9E11C440293005D0F07 /* Resources */,
			);
			buildRules = (
			);
			dependencies = (
				FD19C9E51C440293005D0F07 /* PBXTargetDependency */,
			);
			name = PSOperationsAppForTestsTests;
			productName = PSOperationsAppForTestsTests;
			productReference = FD19C9E31C440293005D0F07 /* PSOperationsAppForTestsTests.xctest */;
			productType = "com.apple.product-type.bundle.unit-test";
		};
		FD854FAF1D2D8CAB00162079 /* PSOperationsHealth */ = {
			isa = PBXNativeTarget;
			buildConfigurationList = FD854FDC1D2D8CAB00162079 /* Build configuration list for PBXNativeTarget "PSOperationsHealth" */;
			buildPhases = (
				FD854FB01D2D8CAB00162079 /* Sources */,
				FD854FD81D2D8CAB00162079 /* Frameworks */,
				FD854FD91D2D8CAB00162079 /* Headers */,
				FD854FDB1D2D8CAB00162079 /* Resources */,
			);
			buildRules = (
			);
			dependencies = (
			);
			name = PSOperationsHealth;
			productName = PSOperations;
			productReference = FD854FDF1D2D8CAB00162079 /* PSOperationsHealth.framework */;
			productType = "com.apple.product-type.framework";
		};
		FD854FE11D2D8CC100162079 /* PSOperationsPassbook */ = {
			isa = PBXNativeTarget;
			buildConfigurationList = FD85500E1D2D8CC100162079 /* Build configuration list for PBXNativeTarget "PSOperationsPassbook" */;
			buildPhases = (
				FD854FE21D2D8CC100162079 /* Sources */,
				FD85500A1D2D8CC100162079 /* Frameworks */,
				FD85500B1D2D8CC100162079 /* Headers */,
				FD85500D1D2D8CC100162079 /* Resources */,
			);
			buildRules = (
			);
			dependencies = (
			);
			name = PSOperationsPassbook;
			productName = PSOperations;
			productReference = FD8550111D2D8CC100162079 /* PSOperationsPassbook.framework */;
			productType = "com.apple.product-type.framework";
		};
/* End PBXNativeTarget section */

/* Begin PBXProject section */
		1D9B43051B6A92ED008F7F18 /* Project object */ = {
			isa = PBXProject;
			attributes = {
				LastSwiftMigration = 0700;
				LastSwiftUpdateCheck = 0720;
				LastUpgradeCheck = 0800;
				ORGANIZATIONNAME = Pluralsight;
				TargetAttributes = {
					1D9B430D1B6A92ED008F7F18 = {
						CreatedOnToolsVersion = 6.4;
						LastSwiftMigration = 0800;
					};
					1D9B43181B6A92ED008F7F18 = {
						CreatedOnToolsVersion = 6.4;
						LastSwiftMigration = 0800;
					};
					FD19C9CF1C440293005D0F07 = {
						CreatedOnToolsVersion = 7.2;
						LastSwiftMigration = 0800;
					};
					FD19C9E21C440293005D0F07 = {
						CreatedOnToolsVersion = 7.2;
						LastSwiftMigration = 0800;
						TestTargetID = FD19C9CF1C440293005D0F07;
					};
					FD854FAF1D2D8CAB00162079 = {
						LastSwiftMigration = 0800;
					};
					FD854FE11D2D8CC100162079 = {
						LastSwiftMigration = 0800;
					};
				};
			};
			buildConfigurationList = 1D9B43081B6A92ED008F7F18 /* Build configuration list for PBXProject "PSOperations" */;
			compatibilityVersion = "Xcode 3.2";
			developmentRegion = English;
			hasScannedForEncodings = 0;
			knownRegions = (
				en,
				Base,
			);
			mainGroup = 1D9B43041B6A92ED008F7F18;
			productRefGroup = 1D9B430F1B6A92ED008F7F18 /* Products */;
			projectDirPath = "";
			projectRoot = "";
			targets = (
				1D9B430D1B6A92ED008F7F18 /* PSOperations */,
				FD854FAF1D2D8CAB00162079 /* PSOperationsHealth */,
				FD854FE11D2D8CC100162079 /* PSOperationsPassbook */,
				1D9B43181B6A92ED008F7F18 /* PSOperationsTests */,
				FD19C9CF1C440293005D0F07 /* PSOperationsAppForTests */,
				FD19C9E21C440293005D0F07 /* PSOperationsAppForTestsTests */,
			);
		};
/* End PBXProject section */

/* Begin PBXResourcesBuildPhase section */
		1D9B430C1B6A92ED008F7F18 /* Resources */ = {
			isa = PBXResourcesBuildPhase;
			buildActionMask = 2147483647;
			files = (
			);
			runOnlyForDeploymentPostprocessing = 0;
		};
		1D9B43171B6A92ED008F7F18 /* Resources */ = {
			isa = PBXResourcesBuildPhase;
			buildActionMask = 2147483647;
			files = (
			);
			runOnlyForDeploymentPostprocessing = 0;
		};
		FD19C9CE1C440293005D0F07 /* Resources */ = {
			isa = PBXResourcesBuildPhase;
			buildActionMask = 2147483647;
			files = (
				FD19C9DD1C440293005D0F07 /* LaunchScreen.storyboard in Resources */,
				FD19C9DA1C440293005D0F07 /* Assets.xcassets in Resources */,
				FD19C9D81C440293005D0F07 /* Main.storyboard in Resources */,
			);
			runOnlyForDeploymentPostprocessing = 0;
		};
		FD19C9E11C440293005D0F07 /* Resources */ = {
			isa = PBXResourcesBuildPhase;
			buildActionMask = 2147483647;
			files = (
			);
			runOnlyForDeploymentPostprocessing = 0;
		};
		FD854FDB1D2D8CAB00162079 /* Resources */ = {
			isa = PBXResourcesBuildPhase;
			buildActionMask = 2147483647;
			files = (
			);
			runOnlyForDeploymentPostprocessing = 0;
		};
		FD85500D1D2D8CC100162079 /* Resources */ = {
			isa = PBXResourcesBuildPhase;
			buildActionMask = 2147483647;
			files = (
			);
			runOnlyForDeploymentPostprocessing = 0;
		};
/* End PBXResourcesBuildPhase section */

/* Begin PBXSourcesBuildPhase section */
		1D9B43091B6A92ED008F7F18 /* Sources */ = {
			isa = PBXSourcesBuildPhase;
			buildActionMask = 2147483647;
			files = (
				1D9B43551B6A934A008F7F18 /* OperationCondition.swift in Sources */,
				1D9B43621B6A934A008F7F18 /* UserNotificationCondition.swift in Sources */,
				1D9B43651B6A934A008F7F18 /* CKContainer+Operations.swift in Sources */,
				1D9B43491B6A934A008F7F18 /* OperationQueue.swift in Sources */,
				1D9B43611B6A934A008F7F18 /* RemoteNotificationCondition.swift in Sources */,
				1D9B435D1B6A934A008F7F18 /* LocationCondition.swift in Sources */,
				1D9B435F1B6A934A008F7F18 /* PhotosCondition.swift in Sources */,
				1D9B434E1B6A934A008F7F18 /* URLSessionTaskOperation.swift in Sources */,
				1D9B43511B6A934A008F7F18 /* OperationObserver.swift in Sources */,
				1D9B43641B6A934A008F7F18 /* NSOperation+Operations.swift in Sources */,
				55AE64C71BC173100097F4A5 /* CalendarCapability.swift in Sources */,
				1D9B434A1B6A934A008F7F18 /* ExclusivityController.swift in Sources */,
				1D9B434B1B6A934A008F7F18 /* Operation.swift in Sources */,
				55AE64CF1BC175190097F4A5 /* iCloudContainerCapability.swift in Sources */,
				1D57B1E51D919D38008333C7 /* Typealiases.swift in Sources */,
				FDB1BBBE1B8D67CB00FB9D7A /* NSLock+Operations.swift in Sources */,
				55AE64C91BC1732D0097F4A5 /* PhotosCapability.swift in Sources */,
				55AE64DC1BC1C7E50097F4A5 /* PushCapability-OSX.swift in Sources */,
				55AE64C41BC172ED0097F4A5 /* Capability.swift in Sources */,
				1D9B43531B6A934A008F7F18 /* TimeoutObserver.swift in Sources */,
				1D9B43581B6A934A008F7F18 /* NoCancelledDependencies.swift in Sources */,
				1D9B43591B6A934A008F7F18 /* MutuallyExclusive.swift in Sources */,
				55AE64DE1BC1DCF50097F4A5 /* UserNotificationCapability.swift in Sources */,
				1D9B434F1B6A934A008F7F18 /* LocationOperation.swift in Sources */,
				1D9B434C1B6A934A008F7F18 /* BlockOperation.swift in Sources */,
				1D9B43631B6A934A008F7F18 /* Dictionary+Operations.swift in Sources */,
				55AE64CD1BC1738D0097F4A5 /* LocationCapability-iOS.swift in Sources */,
				55AE64DA1BC1C7430097F4A5 /* PushCapability-iOS.swift in Sources */,
				1D9B43571B6A934A008F7F18 /* NegatedCondition.swift in Sources */,
				1D9B434D1B6A934A008F7F18 /* GroupOperation.swift in Sources */,
				1D9B435E1B6A934A008F7F18 /* CalendarCondition.swift in Sources */,
				1D9B435B1B6A934A008F7F18 /* CloudCondition.swift in Sources */,
				1D9B43501B6A934A008F7F18 /* DelayOperation.swift in Sources */,
				55AE64D21BC180570097F4A5 /* LocationCapability-tvOS.swift in Sources */,
				1D9B43541B6A934A008F7F18 /* OperationErrors.swift in Sources */,
				1D9B43561B6A934A008F7F18 /* SilentCondition.swift in Sources */,
				1D9B43661B6A934A008F7F18 /* UIUserNotifications+Operations.swift in Sources */,
				1D9B435A1B6A934A008F7F18 /* ReachabilityCondition.swift in Sources */,
				55AE64D41BC180650097F4A5 /* LocationCapability-OSX.swift in Sources */,
				1D9B43521B6A934A008F7F18 /* BlockObserver.swift in Sources */,
			);
			runOnlyForDeploymentPostprocessing = 0;
		};
		1D9B43151B6A92ED008F7F18 /* Sources */ = {
			isa = PBXSourcesBuildPhase;
			buildActionMask = 2147483647;
			files = (
				FDB1E8F21BBC2B08006BC157 /* OperationConditionResultTests.swift in Sources */,
				FDC6C52C1BBD6447008FB96E /* OperationErrorCodeTests.swift in Sources */,
				FD39C29E1B8B5F090092008B /* PSOperationsTests.swift in Sources */,
				FDC6C5291BBCDDC9008FB96E /* URLSessionTaskOperationTests.swift in Sources */,
			);
			runOnlyForDeploymentPostprocessing = 0;
		};
		FD19C9CC1C440293005D0F07 /* Sources */ = {
			isa = PBXSourcesBuildPhase;
			buildActionMask = 2147483647;
			files = (
				FD19C9D51C440293005D0F07 /* ViewController.swift in Sources */,
				FD19C9D31C440293005D0F07 /* AppDelegate.swift in Sources */,
			);
			runOnlyForDeploymentPostprocessing = 0;
		};
		FD19C9DF1C440293005D0F07 /* Sources */ = {
			isa = PBXSourcesBuildPhase;
			buildActionMask = 2147483647;
			files = (
				FD19C9E81C440293005D0F07 /* PSOperationsAppForTestsTests.swift in Sources */,
			);
			runOnlyForDeploymentPostprocessing = 0;
		};
		FD854FB01D2D8CAB00162079 /* Sources */ = {
			isa = PBXSourcesBuildPhase;
			buildActionMask = 2147483647;
			files = (
				FD85501F1D2D8E0E00162079 /* HealthCapability.swift in Sources */,
				FD8550201D2D8E0E00162079 /* HealthCondition.swift in Sources */,
			);
			runOnlyForDeploymentPostprocessing = 0;
		};
		FD854FE21D2D8CC100162079 /* Sources */ = {
			isa = PBXSourcesBuildPhase;
			buildActionMask = 2147483647;
			files = (
				FD8550211D2D8E2200162079 /* PassbookCapability.swift in Sources */,
				FD8550221D2D8E2200162079 /* PassbookCondition.swift in Sources */,
			);
			runOnlyForDeploymentPostprocessing = 0;
		};
/* End PBXSourcesBuildPhase section */

/* Begin PBXTargetDependency section */
		1D9B431C1B6A92ED008F7F18 /* PBXTargetDependency */ = {
			isa = PBXTargetDependency;
			target = 1D9B430D1B6A92ED008F7F18 /* PSOperations */;
			targetProxy = 1D9B431B1B6A92ED008F7F18 /* PBXContainerItemProxy */;
		};
		FD19C9E51C440293005D0F07 /* PBXTargetDependency */ = {
			isa = PBXTargetDependency;
			target = FD19C9CF1C440293005D0F07 /* PSOperationsAppForTests */;
			targetProxy = FD19C9E41C440293005D0F07 /* PBXContainerItemProxy */;
		};
/* End PBXTargetDependency section */

/* Begin PBXVariantGroup section */
		FD19C9D61C440293005D0F07 /* Main.storyboard */ = {
			isa = PBXVariantGroup;
			children = (
				FD19C9D71C440293005D0F07 /* Base */,
			);
			name = Main.storyboard;
			sourceTree = "<group>";
		};
		FD19C9DB1C440293005D0F07 /* LaunchScreen.storyboard */ = {
			isa = PBXVariantGroup;
			children = (
				FD19C9DC1C440293005D0F07 /* Base */,
			);
			name = LaunchScreen.storyboard;
			sourceTree = "<group>";
		};
/* End PBXVariantGroup section */

/* Begin XCBuildConfiguration section */
		1D9B43221B6A92ED008F7F18 /* Debug */ = {
			isa = XCBuildConfiguration;
			buildSettings = {
				ALWAYS_SEARCH_USER_PATHS = NO;
				CLANG_CXX_LANGUAGE_STANDARD = "gnu++0x";
				CLANG_CXX_LIBRARY = "libc++";
				CLANG_ENABLE_MODULES = YES;
				CLANG_ENABLE_OBJC_ARC = YES;
				CLANG_WARN_BOOL_CONVERSION = YES;
				CLANG_WARN_CONSTANT_CONVERSION = YES;
				CLANG_WARN_DIRECT_OBJC_ISA_USAGE = YES_ERROR;
				CLANG_WARN_EMPTY_BODY = YES;
				CLANG_WARN_ENUM_CONVERSION = YES;
				CLANG_WARN_INFINITE_RECURSION = YES;
				CLANG_WARN_INT_CONVERSION = YES;
				CLANG_WARN_OBJC_ROOT_CLASS = YES_ERROR;
				CLANG_WARN_SUSPICIOUS_MOVE = YES;
				CLANG_WARN_UNREACHABLE_CODE = YES;
				CLANG_WARN__DUPLICATE_METHOD_MATCH = YES;
				"CODE_SIGN_IDENTITY[sdk=iphoneos*]" = "iPhone Developer";
				COPY_PHASE_STRIP = NO;
				CURRENT_PROJECT_VERSION = 1;
				DEBUG_INFORMATION_FORMAT = "dwarf-with-dsym";
				ENABLE_STRICT_OBJC_MSGSEND = YES;
				ENABLE_TESTABILITY = YES;
				GCC_C_LANGUAGE_STANDARD = gnu99;
				GCC_DYNAMIC_NO_PIC = NO;
				GCC_NO_COMMON_BLOCKS = YES;
				GCC_OPTIMIZATION_LEVEL = 0;
				GCC_PREPROCESSOR_DEFINITIONS = (
					"DEBUG=1",
					"$(inherited)",
				);
				GCC_SYMBOLS_PRIVATE_EXTERN = NO;
				GCC_WARN_64_TO_32_BIT_CONVERSION = YES;
				GCC_WARN_ABOUT_RETURN_TYPE = YES_ERROR;
				GCC_WARN_UNDECLARED_SELECTOR = YES;
				GCC_WARN_UNINITIALIZED_AUTOS = YES_AGGRESSIVE;
				GCC_WARN_UNUSED_FUNCTION = YES;
				GCC_WARN_UNUSED_VARIABLE = YES;
				IPHONEOS_DEPLOYMENT_TARGET = 8.4;
				MTL_ENABLE_DEBUG_INFO = YES;
				ONLY_ACTIVE_ARCH = YES;
				SDKROOT = iphoneos;
				SWIFT_OPTIMIZATION_LEVEL = "-Onone";
				TARGETED_DEVICE_FAMILY = "1,2,3,4";
				VERSIONING_SYSTEM = "apple-generic";
				VERSION_INFO_PREFIX = "";
			};
			name = Debug;
		};
		1D9B43231B6A92ED008F7F18 /* Release */ = {
			isa = XCBuildConfiguration;
			buildSettings = {
				ALWAYS_SEARCH_USER_PATHS = NO;
				CLANG_CXX_LANGUAGE_STANDARD = "gnu++0x";
				CLANG_CXX_LIBRARY = "libc++";
				CLANG_ENABLE_MODULES = YES;
				CLANG_ENABLE_OBJC_ARC = YES;
				CLANG_WARN_BOOL_CONVERSION = YES;
				CLANG_WARN_CONSTANT_CONVERSION = YES;
				CLANG_WARN_DIRECT_OBJC_ISA_USAGE = YES_ERROR;
				CLANG_WARN_EMPTY_BODY = YES;
				CLANG_WARN_ENUM_CONVERSION = YES;
				CLANG_WARN_INFINITE_RECURSION = YES;
				CLANG_WARN_INT_CONVERSION = YES;
				CLANG_WARN_OBJC_ROOT_CLASS = YES_ERROR;
				CLANG_WARN_SUSPICIOUS_MOVE = YES;
				CLANG_WARN_UNREACHABLE_CODE = YES;
				CLANG_WARN__DUPLICATE_METHOD_MATCH = YES;
				"CODE_SIGN_IDENTITY[sdk=iphoneos*]" = "iPhone Developer";
				COPY_PHASE_STRIP = NO;
				CURRENT_PROJECT_VERSION = 1;
				DEBUG_INFORMATION_FORMAT = "dwarf-with-dsym";
				ENABLE_NS_ASSERTIONS = NO;
				ENABLE_STRICT_OBJC_MSGSEND = YES;
				GCC_C_LANGUAGE_STANDARD = gnu99;
				GCC_NO_COMMON_BLOCKS = YES;
				GCC_WARN_64_TO_32_BIT_CONVERSION = YES;
				GCC_WARN_ABOUT_RETURN_TYPE = YES_ERROR;
				GCC_WARN_UNDECLARED_SELECTOR = YES;
				GCC_WARN_UNINITIALIZED_AUTOS = YES_AGGRESSIVE;
				GCC_WARN_UNUSED_FUNCTION = YES;
				GCC_WARN_UNUSED_VARIABLE = YES;
				IPHONEOS_DEPLOYMENT_TARGET = 8.4;
				MTL_ENABLE_DEBUG_INFO = NO;
				SDKROOT = iphoneos;
				SWIFT_OPTIMIZATION_LEVEL = "-Owholemodule";
				TARGETED_DEVICE_FAMILY = "1,2,3,4";
				VALIDATE_PRODUCT = YES;
				VERSIONING_SYSTEM = "apple-generic";
				VERSION_INFO_PREFIX = "";
			};
			name = Release;
		};
		1D9B43251B6A92ED008F7F18 /* Debug */ = {
			isa = XCBuildConfiguration;
			buildSettings = {
				APPLICATION_EXTENSION_API_ONLY = YES;
				CLANG_ENABLE_MODULES = YES;
				"CODE_SIGN_IDENTITY[sdk=iphoneos*]" = "";
				DEFINES_MODULE = YES;
				DYLIB_COMPATIBILITY_VERSION = 1;
				DYLIB_CURRENT_VERSION = 1;
				DYLIB_INSTALL_NAME_BASE = "@rpath";
				INFOPLIST_FILE = PSOperations/Info.plist;
				INSTALL_PATH = "$(LOCAL_LIBRARY_DIR)/Frameworks";
				IPHONEOS_DEPLOYMENT_TARGET = 8.0;
				LD_RUNPATH_SEARCH_PATHS = "$(inherited) @executable_path/Frameworks @loader_path/Frameworks";
				MACOSX_DEPLOYMENT_TARGET = 10.11;
				PRODUCT_BUNDLE_IDENTIFIER = "com.pluralsight.$(PRODUCT_NAME:rfc1034identifier)";
				PRODUCT_NAME = "$(TARGET_NAME)";
				SKIP_INSTALL = YES;
				SUPPORTED_PLATFORMS = "iphonesimulator iphoneos appletvsimulator appletvos watchos watchsimulator macosx";
				SWIFT_OPTIMIZATION_LEVEL = "-Onone";
				SWIFT_VERSION = 3.0;
				TARGETED_DEVICE_FAMILY = "1,2,3,4";
				TVOS_DEPLOYMENT_TARGET = 9.0;
			};
			name = Debug;
		};
		1D9B43261B6A92ED008F7F18 /* Release */ = {
			isa = XCBuildConfiguration;
			buildSettings = {
				APPLICATION_EXTENSION_API_ONLY = YES;
				CLANG_ENABLE_MODULES = YES;
				"CODE_SIGN_IDENTITY[sdk=iphoneos*]" = "";
				DEFINES_MODULE = YES;
				DYLIB_COMPATIBILITY_VERSION = 1;
				DYLIB_CURRENT_VERSION = 1;
				DYLIB_INSTALL_NAME_BASE = "@rpath";
				INFOPLIST_FILE = PSOperations/Info.plist;
				INSTALL_PATH = "$(LOCAL_LIBRARY_DIR)/Frameworks";
				IPHONEOS_DEPLOYMENT_TARGET = 8.0;
				LD_RUNPATH_SEARCH_PATHS = "$(inherited) @executable_path/Frameworks @loader_path/Frameworks";
				MACOSX_DEPLOYMENT_TARGET = 10.11;
				PRODUCT_BUNDLE_IDENTIFIER = "com.pluralsight.$(PRODUCT_NAME:rfc1034identifier)";
				PRODUCT_NAME = "$(TARGET_NAME)";
				SKIP_INSTALL = YES;
				SUPPORTED_PLATFORMS = "iphonesimulator iphoneos appletvsimulator appletvos watchos watchsimulator macosx";
				SWIFT_VERSION = 3.0;
				TARGETED_DEVICE_FAMILY = "1,2,3,4";
				TVOS_DEPLOYMENT_TARGET = 9.0;
			};
			name = Release;
		};
		1D9B43281B6A92ED008F7F18 /* Debug */ = {
			isa = XCBuildConfiguration;
			buildSettings = {
				CLANG_ENABLE_MODULES = YES;
				INFOPLIST_FILE = PSOperationsTests/Info.plist;
				LD_RUNPATH_SEARCH_PATHS = "$(inherited) @executable_path/Frameworks @loader_path/Frameworks";
				PRODUCT_BUNDLE_IDENTIFIER = "com.pluralsight.$(PRODUCT_NAME:rfc1034identifier)";
				PRODUCT_NAME = "$(TARGET_NAME)";
				SUPPORTED_PLATFORMS = "iphonesimulator iphoneos appletvsimulator appletvos macosx watchsimulator watchos";
				SWIFT_OPTIMIZATION_LEVEL = "-Onone";
				SWIFT_VERSION = 3.0;
			};
			name = Debug;
		};
		1D9B43291B6A92ED008F7F18 /* Release */ = {
			isa = XCBuildConfiguration;
			buildSettings = {
				CLANG_ENABLE_MODULES = YES;
				INFOPLIST_FILE = PSOperationsTests/Info.plist;
				LD_RUNPATH_SEARCH_PATHS = "$(inherited) @executable_path/Frameworks @loader_path/Frameworks";
				PRODUCT_BUNDLE_IDENTIFIER = "com.pluralsight.$(PRODUCT_NAME:rfc1034identifier)";
				PRODUCT_NAME = "$(TARGET_NAME)";
				SUPPORTED_PLATFORMS = "iphonesimulator iphoneos appletvsimulator appletvos macosx watchsimulator watchos";
				SWIFT_VERSION = 3.0;
			};
			name = Release;
		};
		FD19C9EB1C440293005D0F07 /* Debug */ = {
			isa = XCBuildConfiguration;
			buildSettings = {
				ASSETCATALOG_COMPILER_APPICON_NAME = AppIcon;
				DEBUG_INFORMATION_FORMAT = dwarf;
				INFOPLIST_FILE = PSOperationsAppForTests/Info.plist;
				IPHONEOS_DEPLOYMENT_TARGET = 9.0;
				LD_RUNPATH_SEARCH_PATHS = "$(inherited) @executable_path/Frameworks";
				PRODUCT_BUNDLE_IDENTIFIER = com.pluralsight.PSOperationsAppForTests;
				PRODUCT_NAME = "$(TARGET_NAME)";
				SWIFT_VERSION = 3.0;
				TARGETED_DEVICE_FAMILY = "1,2";
			};
			name = Debug;
		};
		FD19C9EC1C440293005D0F07 /* Release */ = {
			isa = XCBuildConfiguration;
			buildSettings = {
				ASSETCATALOG_COMPILER_APPICON_NAME = AppIcon;
				INFOPLIST_FILE = PSOperationsAppForTests/Info.plist;
				IPHONEOS_DEPLOYMENT_TARGET = 9.0;
				LD_RUNPATH_SEARCH_PATHS = "$(inherited) @executable_path/Frameworks";
				PRODUCT_BUNDLE_IDENTIFIER = com.pluralsight.PSOperationsAppForTests;
				PRODUCT_NAME = "$(TARGET_NAME)";
				SWIFT_VERSION = 3.0;
				TARGETED_DEVICE_FAMILY = "1,2";
			};
			name = Release;
		};
		FD19C9EE1C440293005D0F07 /* Debug */ = {
			isa = XCBuildConfiguration;
			buildSettings = {
				BUNDLE_LOADER = "$(TEST_HOST)";
				DEBUG_INFORMATION_FORMAT = dwarf;
				INFOPLIST_FILE = PSOperationsAppForTestsTests/Info.plist;
				IPHONEOS_DEPLOYMENT_TARGET = 9.2;
				LD_RUNPATH_SEARCH_PATHS = "$(inherited) @executable_path/Frameworks @loader_path/Frameworks";
				PRODUCT_BUNDLE_IDENTIFIER = com.pluralsight.PSOperationsAppForTestsTests;
				PRODUCT_NAME = "$(TARGET_NAME)";
				SWIFT_VERSION = 3.0;
				TEST_HOST = "$(BUILT_PRODUCTS_DIR)/PSOperationsAppForTests.app/PSOperationsAppForTests";
			};
			name = Debug;
		};
		FD19C9EF1C440293005D0F07 /* Release */ = {
			isa = XCBuildConfiguration;
			buildSettings = {
				BUNDLE_LOADER = "$(TEST_HOST)";
				INFOPLIST_FILE = PSOperationsAppForTestsTests/Info.plist;
				IPHONEOS_DEPLOYMENT_TARGET = 9.2;
				LD_RUNPATH_SEARCH_PATHS = "$(inherited) @executable_path/Frameworks @loader_path/Frameworks";
				PRODUCT_BUNDLE_IDENTIFIER = com.pluralsight.PSOperationsAppForTestsTests;
				PRODUCT_NAME = "$(TARGET_NAME)";
				SWIFT_VERSION = 3.0;
				TEST_HOST = "$(BUILT_PRODUCTS_DIR)/PSOperationsAppForTests.app/PSOperationsAppForTests";
			};
			name = Release;
		};
		FD854FDD1D2D8CAB00162079 /* Debug */ = {
			isa = XCBuildConfiguration;
			buildSettings = {
				APPLICATION_EXTENSION_API_ONLY = YES;
				CLANG_ENABLE_MODULES = YES;
				"CODE_SIGN_IDENTITY[sdk=iphoneos*]" = "";
				DEFINES_MODULE = YES;
				DYLIB_COMPATIBILITY_VERSION = 1;
				DYLIB_CURRENT_VERSION = 1;
				DYLIB_INSTALL_NAME_BASE = "@rpath";
				INFOPLIST_FILE = "$(SRCROOT)/PSOperations/Info.plist";
				INSTALL_PATH = "$(LOCAL_LIBRARY_DIR)/Frameworks";
				IPHONEOS_DEPLOYMENT_TARGET = 8.0;
				LD_RUNPATH_SEARCH_PATHS = "$(inherited) @executable_path/Frameworks @loader_path/Frameworks";
				PRODUCT_BUNDLE_IDENTIFIER = "com.pluralsight.$(PRODUCT_NAME:rfc1034identifier)";
				PRODUCT_NAME = "$(TARGET_NAME)";
				SKIP_INSTALL = YES;
				SUPPORTED_PLATFORMS = "iphonesimulator iphoneos appletvsimulator appletvos watchos watchsimulator macosx";
				SWIFT_OPTIMIZATION_LEVEL = "-Onone";
				SWIFT_VERSION = 3.0;
				TARGETED_DEVICE_FAMILY = "1,2,3,4";
				TVOS_DEPLOYMENT_TARGET = 9.0;
			};
			name = Debug;
		};
		FD854FDE1D2D8CAB00162079 /* Release */ = {
			isa = XCBuildConfiguration;
			buildSettings = {
				APPLICATION_EXTENSION_API_ONLY = YES;
				CLANG_ENABLE_MODULES = YES;
				"CODE_SIGN_IDENTITY[sdk=iphoneos*]" = "";
				DEFINES_MODULE = YES;
				DYLIB_COMPATIBILITY_VERSION = 1;
				DYLIB_CURRENT_VERSION = 1;
				DYLIB_INSTALL_NAME_BASE = "@rpath";
				INFOPLIST_FILE = "$(SRCROOT)/PSOperations/Info.plist";
				INSTALL_PATH = "$(LOCAL_LIBRARY_DIR)/Frameworks";
				IPHONEOS_DEPLOYMENT_TARGET = 8.0;
				LD_RUNPATH_SEARCH_PATHS = "$(inherited) @executable_path/Frameworks @loader_path/Frameworks";
				PRODUCT_BUNDLE_IDENTIFIER = "com.pluralsight.$(PRODUCT_NAME:rfc1034identifier)";
				PRODUCT_NAME = "$(TARGET_NAME)";
				SKIP_INSTALL = YES;
				SUPPORTED_PLATFORMS = "iphonesimulator iphoneos appletvsimulator appletvos watchos watchsimulator macosx";
				SWIFT_VERSION = 3.0;
				TARGETED_DEVICE_FAMILY = "1,2,3,4";
				TVOS_DEPLOYMENT_TARGET = 9.0;
			};
			name = Release;
		};
		FD85500F1D2D8CC100162079 /* Debug */ = {
			isa = XCBuildConfiguration;
			buildSettings = {
				APPLICATION_EXTENSION_API_ONLY = YES;
				CLANG_ENABLE_MODULES = YES;
				"CODE_SIGN_IDENTITY[sdk=iphoneos*]" = "";
				DEFINES_MODULE = YES;
				DYLIB_COMPATIBILITY_VERSION = 1;
				DYLIB_CURRENT_VERSION = 1;
				DYLIB_INSTALL_NAME_BASE = "@rpath";
				INFOPLIST_FILE = "$(SRCROOT)/PSOperations/Info.plist";
				INSTALL_PATH = "$(LOCAL_LIBRARY_DIR)/Frameworks";
				IPHONEOS_DEPLOYMENT_TARGET = 8.0;
				LD_RUNPATH_SEARCH_PATHS = "$(inherited) @executable_path/Frameworks @loader_path/Frameworks";
				PRODUCT_BUNDLE_IDENTIFIER = "com.pluralsight.$(PRODUCT_NAME:rfc1034identifier)";
				PRODUCT_NAME = "$(TARGET_NAME)";
				SKIP_INSTALL = YES;
				SUPPORTED_PLATFORMS = "iphonesimulator iphoneos appletvsimulator appletvos watchos watchsimulator macosx";
				SWIFT_OPTIMIZATION_LEVEL = "-Onone";
				SWIFT_VERSION = 3.0;
				TARGETED_DEVICE_FAMILY = "1,2,3,4";
				TVOS_DEPLOYMENT_TARGET = 9.0;
			};
			name = Debug;
		};
		FD8550101D2D8CC100162079 /* Release */ = {
			isa = XCBuildConfiguration;
			buildSettings = {
				APPLICATION_EXTENSION_API_ONLY = YES;
				CLANG_ENABLE_MODULES = YES;
				"CODE_SIGN_IDENTITY[sdk=iphoneos*]" = "";
				DEFINES_MODULE = YES;
				DYLIB_COMPATIBILITY_VERSION = 1;
				DYLIB_CURRENT_VERSION = 1;
				DYLIB_INSTALL_NAME_BASE = "@rpath";
				INFOPLIST_FILE = "$(SRCROOT)/PSOperations/Info.plist";
				INSTALL_PATH = "$(LOCAL_LIBRARY_DIR)/Frameworks";
				IPHONEOS_DEPLOYMENT_TARGET = 8.0;
				LD_RUNPATH_SEARCH_PATHS = "$(inherited) @executable_path/Frameworks @loader_path/Frameworks";
				PRODUCT_BUNDLE_IDENTIFIER = "com.pluralsight.$(PRODUCT_NAME:rfc1034identifier)";
				PRODUCT_NAME = "$(TARGET_NAME)";
				SKIP_INSTALL = YES;
				SUPPORTED_PLATFORMS = "iphonesimulator iphoneos appletvsimulator appletvos watchos watchsimulator macosx";
				SWIFT_VERSION = 3.0;
				TARGETED_DEVICE_FAMILY = "1,2,3,4";
				TVOS_DEPLOYMENT_TARGET = 9.0;
			};
			name = Release;
		};
/* End XCBuildConfiguration section */

/* Begin XCConfigurationList section */
		1D9B43081B6A92ED008F7F18 /* Build configuration list for PBXProject "PSOperations" */ = {
			isa = XCConfigurationList;
			buildConfigurations = (
				1D9B43221B6A92ED008F7F18 /* Debug */,
				1D9B43231B6A92ED008F7F18 /* Release */,
			);
			defaultConfigurationIsVisible = 0;
			defaultConfigurationName = Release;
		};
		1D9B43241B6A92ED008F7F18 /* Build configuration list for PBXNativeTarget "PSOperations" */ = {
			isa = XCConfigurationList;
			buildConfigurations = (
				1D9B43251B6A92ED008F7F18 /* Debug */,
				1D9B43261B6A92ED008F7F18 /* Release */,
			);
			defaultConfigurationIsVisible = 0;
			defaultConfigurationName = Release;
		};
		1D9B43271B6A92ED008F7F18 /* Build configuration list for PBXNativeTarget "PSOperationsTests" */ = {
			isa = XCConfigurationList;
			buildConfigurations = (
				1D9B43281B6A92ED008F7F18 /* Debug */,
				1D9B43291B6A92ED008F7F18 /* Release */,
			);
			defaultConfigurationIsVisible = 0;
			defaultConfigurationName = Release;
		};
		FD19C9EA1C440293005D0F07 /* Build configuration list for PBXNativeTarget "PSOperationsAppForTests" */ = {
			isa = XCConfigurationList;
			buildConfigurations = (
				FD19C9EB1C440293005D0F07 /* Debug */,
				FD19C9EC1C440293005D0F07 /* Release */,
			);
			defaultConfigurationIsVisible = 0;
			defaultConfigurationName = Release;
		};
		FD19C9ED1C440293005D0F07 /* Build configuration list for PBXNativeTarget "PSOperationsAppForTestsTests" */ = {
			isa = XCConfigurationList;
			buildConfigurations = (
				FD19C9EE1C440293005D0F07 /* Debug */,
				FD19C9EF1C440293005D0F07 /* Release */,
			);
			defaultConfigurationIsVisible = 0;
			defaultConfigurationName = Release;
		};
		FD854FDC1D2D8CAB00162079 /* Build configuration list for PBXNativeTarget "PSOperationsHealth" */ = {
			isa = XCConfigurationList;
			buildConfigurations = (
				FD854FDD1D2D8CAB00162079 /* Debug */,
				FD854FDE1D2D8CAB00162079 /* Release */,
			);
			defaultConfigurationIsVisible = 0;
			defaultConfigurationName = Release;
		};
		FD85500E1D2D8CC100162079 /* Build configuration list for PBXNativeTarget "PSOperationsPassbook" */ = {
			isa = XCConfigurationList;
			buildConfigurations = (
				FD85500F1D2D8CC100162079 /* Debug */,
				FD8550101D2D8CC100162079 /* Release */,
			);
			defaultConfigurationIsVisible = 0;
			defaultConfigurationName = Release;
		};
/* End XCConfigurationList section */
	};
	rootObject = 1D9B43051B6A92ED008F7F18 /* Project object */;
}
